// !$*UTF8*$!
{
	archiveVersion = 1;
	classes = {
	};
	objectVersion = 56;
	objects = {

/* Begin PBXBuildFile section */
		41DA83EA2A9460B700AD9258 /* AppDelegate.swift in Sources */ = {isa = PBXBuildFile; fileRef = 41DA83E92A9460B700AD9258 /* AppDelegate.swift */; };
		41DA83ED2A9460B700AD9258 /* Main.storyboard in Resources */ = {isa = PBXBuildFile; fileRef = 41DA83EB2A9460B700AD9258 /* Main.storyboard */; };
		41DA83FF2A9460B700AD9258 /* Weather Please Extension.appex in Embed Foundation Extensions */ = {isa = PBXBuildFile; fileRef = 41DA83FE2A9460B700AD9258 /* Weather Please Extension.appex */; settings = {ATTRIBUTES = (RemoveHeadersOnCopy, ); }; };
		41DA84062A9460B700AD9258 /* Main.html in Resources */ = {isa = PBXBuildFile; fileRef = 41DA83C82A9460B500AD9258 /* Main.html */; };
		41DA84082A9460B700AD9258 /* Icon.png in Resources */ = {isa = PBXBuildFile; fileRef = 41DA83CA2A9460B500AD9258 /* Icon.png */; };
		41DA840A2A9460B700AD9258 /* Style.css in Resources */ = {isa = PBXBuildFile; fileRef = 41DA83CB2A9460B500AD9258 /* Style.css */; };
		41DA840C2A9460B700AD9258 /* Script.js in Resources */ = {isa = PBXBuildFile; fileRef = 41DA83CC2A9460B500AD9258 /* Script.js */; };
		41DA840E2A9460B700AD9258 /* ViewController.swift in Sources */ = {isa = PBXBuildFile; fileRef = 41DA83CD2A9460B500AD9258 /* ViewController.swift */; };
		41DA84102A9460B700AD9258 /* Assets.xcassets in Resources */ = {isa = PBXBuildFile; fileRef = 41DA83CE2A9460B700AD9258 /* Assets.xcassets */; };
		41DA84122A9460B700AD9258 /* SafariWebExtensionHandler.swift in Sources */ = {isa = PBXBuildFile; fileRef = 41DA83D02A9460B700AD9258 /* SafariWebExtensionHandler.swift */; };
		41DA84282A9460B700AD9258 /* next in Resources */ = {isa = PBXBuildFile; fileRef = 41DA84242A9460B700AD9258 /* next */; };
		41DA84292A9460B700AD9258 /* index.html in Resources */ = {isa = PBXBuildFile; fileRef = 41DA84252A9460B700AD9258 /* index.html */; };
		41DA842A2A9460B700AD9258 /* favicon.png in Resources */ = {isa = PBXBuildFile; fileRef = 41DA84262A9460B700AD9258 /* favicon.png */; };
		41DA842B2A9460B700AD9258 /* manifest.json in Resources */ = {isa = PBXBuildFile; fileRef = 41DA84272A9460B700AD9258 /* manifest.json */; };
/* End PBXBuildFile section */

/* Begin PBXContainerItemProxy section */
		41DA84002A9460B700AD9258 /* PBXContainerItemProxy */ = {
			isa = PBXContainerItemProxy;
			containerPortal = 41DA83C22A9460B500AD9258 /* Project object */;
			proxyType = 1;
			remoteGlobalIDString = 41DA83FD2A9460B700AD9258;
			remoteInfo = "Weather Please Extension (macOS)";
		};
/* End PBXContainerItemProxy section */

/* Begin PBXCopyFilesBuildPhase section */
		41DA841F2A9460B700AD9258 /* Embed Foundation Extensions */ = {
			isa = PBXCopyFilesBuildPhase;
			buildActionMask = 2147483647;
			dstPath = "";
			dstSubfolderSpec = 13;
			files = (
				41DA83FF2A9460B700AD9258 /* Weather Please Extension.appex in Embed Foundation Extensions */,
			);
			name = "Embed Foundation Extensions";
			runOnlyForDeploymentPostprocessing = 0;
		};
/* End PBXCopyFilesBuildPhase section */

/* Begin PBXFileReference section */
		41DA83C92A9460B500AD9258 /* Base */ = {isa = PBXFileReference; lastKnownFileType = text.html; name = Base; path = ../Base.lproj/Main.html; sourceTree = "<group>"; };
		41DA83CA2A9460B500AD9258 /* Icon.png */ = {isa = PBXFileReference; lastKnownFileType = image.png; path = Icon.png; sourceTree = "<group>"; };
		41DA83CB2A9460B500AD9258 /* Style.css */ = {isa = PBXFileReference; lastKnownFileType = text.css; path = Style.css; sourceTree = "<group>"; };
		41DA83CC2A9460B500AD9258 /* Script.js */ = {isa = PBXFileReference; lastKnownFileType = sourcecode.javascript; path = Script.js; sourceTree = "<group>"; };
		41DA83CD2A9460B500AD9258 /* ViewController.swift */ = {isa = PBXFileReference; lastKnownFileType = sourcecode.swift; path = ViewController.swift; sourceTree = "<group>"; };
		41DA83CE2A9460B700AD9258 /* Assets.xcassets */ = {isa = PBXFileReference; lastKnownFileType = folder.assetcatalog; path = Assets.xcassets; sourceTree = "<group>"; };
		41DA83D02A9460B700AD9258 /* SafariWebExtensionHandler.swift */ = {isa = PBXFileReference; lastKnownFileType = sourcecode.swift; path = SafariWebExtensionHandler.swift; sourceTree = "<group>"; };
		41DA83E72A9460B700AD9258 /* Weather Please.app */ = {isa = PBXFileReference; explicitFileType = wrapper.application; includeInIndex = 0; path = "Weather Please.app"; sourceTree = BUILT_PRODUCTS_DIR; };
		41DA83E92A9460B700AD9258 /* AppDelegate.swift */ = {isa = PBXFileReference; lastKnownFileType = sourcecode.swift; path = AppDelegate.swift; sourceTree = "<group>"; };
		41DA83EC2A9460B700AD9258 /* Base */ = {isa = PBXFileReference; lastKnownFileType = file.storyboard; name = Base; path = Base.lproj/Main.storyboard; sourceTree = "<group>"; };
		41DA83EE2A9460B700AD9258 /* Info.plist */ = {isa = PBXFileReference; lastKnownFileType = text.plist.xml; path = Info.plist; sourceTree = "<group>"; };
		41DA83EF2A9460B700AD9258 /* Weather Please.entitlements */ = {isa = PBXFileReference; lastKnownFileType = text.plist.entitlements; path = "Weather Please.entitlements"; sourceTree = "<group>"; };
		41DA83FE2A9460B700AD9258 /* Weather Please Extension.appex */ = {isa = PBXFileReference; explicitFileType = "wrapper.app-extension"; includeInIndex = 0; path = "Weather Please Extension.appex"; sourceTree = BUILT_PRODUCTS_DIR; };
		41DA84032A9460B700AD9258 /* Info.plist */ = {isa = PBXFileReference; lastKnownFileType = text.plist.xml; path = Info.plist; sourceTree = "<group>"; };
		41DA84042A9460B700AD9258 /* Weather Please.entitlements */ = {isa = PBXFileReference; lastKnownFileType = text.plist.entitlements; path = "Weather Please.entitlements"; sourceTree = "<group>"; };
		41DA84242A9460B700AD9258 /* next */ = {isa = PBXFileReference; lastKnownFileType = folder; name = next; path = ../../../extension/next; sourceTree = "<group>"; };
		41DA84252A9460B700AD9258 /* index.html */ = {isa = PBXFileReference; lastKnownFileType = text.html; name = index.html; path = ../../../extension/index.html; sourceTree = "<group>"; };
		41DA84262A9460B700AD9258 /* favicon.png */ = {isa = PBXFileReference; lastKnownFileType = image.png; name = favicon.png; path = ../../../extension/favicon.png; sourceTree = "<group>"; };
		41DA84272A9460B700AD9258 /* manifest.json */ = {isa = PBXFileReference; lastKnownFileType = text.json; name = manifest.json; path = ../../../extension/manifest.json; sourceTree = "<group>"; };
/* End PBXFileReference section */

/* Begin PBXFrameworksBuildPhase section */
		41DA83E42A9460B700AD9258 /* Frameworks */ = {
			isa = PBXFrameworksBuildPhase;
			buildActionMask = 2147483647;
			files = (
			);
			runOnlyForDeploymentPostprocessing = 0;
		};
		41DA83FB2A9460B700AD9258 /* Frameworks */ = {
			isa = PBXFrameworksBuildPhase;
			buildActionMask = 2147483647;
			files = (
			);
			runOnlyForDeploymentPostprocessing = 0;
		};
/* End PBXFrameworksBuildPhase section */

/* Begin PBXGroup section */
		41DA83C12A9460B500AD9258 = {
			isa = PBXGroup;
			children = (
				41DA83C62A9460B500AD9258 /* Shared (App) */,
				41DA83CF2A9460B700AD9258 /* Shared (Extension) */,
				41DA83E82A9460B700AD9258 /* macOS (App) */,
				41DA84022A9460B700AD9258 /* macOS (Extension) */,
				41DA83D62A9460B700AD9258 /* Products */,
			);
			indentWidth = 2;
			sourceTree = "<group>";
			tabWidth = 2;
			usesTabs = 1;
		};
		41DA83C62A9460B500AD9258 /* Shared (App) */ = {
			isa = PBXGroup;
			children = (
				41DA83CD2A9460B500AD9258 /* ViewController.swift */,
				41DA83CE2A9460B700AD9258 /* Assets.xcassets */,
				41DA83C72A9460B500AD9258 /* Resources */,
			);
			path = "Shared (App)";
			sourceTree = "<group>";
		};
		41DA83C72A9460B500AD9258 /* Resources */ = {
			isa = PBXGroup;
			children = (
				41DA83C82A9460B500AD9258 /* Main.html */,
				41DA83CA2A9460B500AD9258 /* Icon.png */,
				41DA83CB2A9460B500AD9258 /* Style.css */,
				41DA83CC2A9460B500AD9258 /* Script.js */,
			);
			path = Resources;
			sourceTree = "<group>";
		};
		41DA83CF2A9460B700AD9258 /* Shared (Extension) */ = {
			isa = PBXGroup;
			children = (
				41DA84232A9460B700AD9258 /* Resources */,
				41DA83D02A9460B700AD9258 /* SafariWebExtensionHandler.swift */,
			);
			path = "Shared (Extension)";
			sourceTree = "<group>";
		};
		41DA83D62A9460B700AD9258 /* Products */ = {
			isa = PBXGroup;
			children = (
				41DA83E72A9460B700AD9258 /* Weather Please.app */,
				41DA83FE2A9460B700AD9258 /* Weather Please Extension.appex */,
			);
			name = Products;
			sourceTree = "<group>";
		};
		41DA83E82A9460B700AD9258 /* macOS (App) */ = {
			isa = PBXGroup;
			children = (
				41DA83E92A9460B700AD9258 /* AppDelegate.swift */,
				41DA83EB2A9460B700AD9258 /* Main.storyboard */,
				41DA83EE2A9460B700AD9258 /* Info.plist */,
				41DA83EF2A9460B700AD9258 /* Weather Please.entitlements */,
			);
			path = "macOS (App)";
			sourceTree = "<group>";
		};
		41DA84022A9460B700AD9258 /* macOS (Extension) */ = {
			isa = PBXGroup;
			children = (
				41DA84032A9460B700AD9258 /* Info.plist */,
				41DA84042A9460B700AD9258 /* Weather Please.entitlements */,
			);
			path = "macOS (Extension)";
			sourceTree = "<group>";
		};
		41DA84232A9460B700AD9258 /* Resources */ = {
			isa = PBXGroup;
			children = (
				41DA84242A9460B700AD9258 /* next */,
				41DA84252A9460B700AD9258 /* index.html */,
				41DA84262A9460B700AD9258 /* favicon.png */,
				41DA84272A9460B700AD9258 /* manifest.json */,
			);
			name = Resources;
			path = "Shared (Extension)";
			sourceTree = SOURCE_ROOT;
		};
/* End PBXGroup section */

/* Begin PBXNativeTarget section */
		41DA83E62A9460B700AD9258 /* Weather Please (macOS) */ = {
			isa = PBXNativeTarget;
			buildConfigurationList = 41DA84202A9460B700AD9258 /* Build configuration list for PBXNativeTarget "Weather Please (macOS)" */;
			buildPhases = (
				41DA83E32A9460B700AD9258 /* Sources */,
				41DA83E42A9460B700AD9258 /* Frameworks */,
				41DA83E52A9460B700AD9258 /* Resources */,
				41DA841F2A9460B700AD9258 /* Embed Foundation Extensions */,
			);
			buildRules = (
			);
			dependencies = (
				41DA84012A9460B700AD9258 /* PBXTargetDependency */,
			);
			name = "Weather Please (macOS)";
			productName = "Weather Please (macOS)";
			productReference = 41DA83E72A9460B700AD9258 /* Weather Please.app */;
			productType = "com.apple.product-type.application";
		};
		41DA83FD2A9460B700AD9258 /* Weather Please Extension (macOS) */ = {
			isa = PBXNativeTarget;
			buildConfigurationList = 41DA841C2A9460B700AD9258 /* Build configuration list for PBXNativeTarget "Weather Please Extension (macOS)" */;
			buildPhases = (
				41DA83FA2A9460B700AD9258 /* Sources */,
				41DA83FB2A9460B700AD9258 /* Frameworks */,
				41DA83FC2A9460B700AD9258 /* Resources */,
			);
			buildRules = (
			);
			dependencies = (
			);
			name = "Weather Please Extension (macOS)";
			productName = "Weather Please Extension (macOS)";
			productReference = 41DA83FE2A9460B700AD9258 /* Weather Please Extension.appex */;
			productType = "com.apple.product-type.app-extension";
		};
/* End PBXNativeTarget section */

/* Begin PBXProject section */
		41DA83C22A9460B500AD9258 /* Project object */ = {
			isa = PBXProject;
			attributes = {
				BuildIndependentTargetsInParallel = 1;
				LastSwiftUpdateCheck = 1430;
				LastUpgradeCheck = 1500;
				TargetAttributes = {
					41DA83E62A9460B700AD9258 = {
						CreatedOnToolsVersion = 14.3.1;
					};
					41DA83FD2A9460B700AD9258 = {
						CreatedOnToolsVersion = 14.3.1;
					};
				};
			};
			buildConfigurationList = 41DA83C52A9460B500AD9258 /* Build configuration list for PBXProject "Weather Please" */;
			compatibilityVersion = "Xcode 14.0";
			developmentRegion = en;
			hasScannedForEncodings = 0;
			knownRegions = (
				en,
				Base,
			);
			mainGroup = 41DA83C12A9460B500AD9258;
			productRefGroup = 41DA83D62A9460B700AD9258 /* Products */;
			projectDirPath = "";
			projectRoot = "";
			targets = (
				41DA83E62A9460B700AD9258 /* Weather Please (macOS) */,
				41DA83FD2A9460B700AD9258 /* Weather Please Extension (macOS) */,
			);
		};
/* End PBXProject section */

/* Begin PBXResourcesBuildPhase section */
		41DA83E52A9460B700AD9258 /* Resources */ = {
			isa = PBXResourcesBuildPhase;
			buildActionMask = 2147483647;
			files = (
				41DA84082A9460B700AD9258 /* Icon.png in Resources */,
				41DA840A2A9460B700AD9258 /* Style.css in Resources */,
				41DA83ED2A9460B700AD9258 /* Main.storyboard in Resources */,
				41DA840C2A9460B700AD9258 /* Script.js in Resources */,
				41DA84102A9460B700AD9258 /* Assets.xcassets in Resources */,
				41DA84062A9460B700AD9258 /* Main.html in Resources */,
			);
			runOnlyForDeploymentPostprocessing = 0;
		};
		41DA83FC2A9460B700AD9258 /* Resources */ = {
			isa = PBXResourcesBuildPhase;
			buildActionMask = 2147483647;
			files = (
				41DA842B2A9460B700AD9258 /* manifest.json in Resources */,
				41DA84282A9460B700AD9258 /* next in Resources */,
				41DA84292A9460B700AD9258 /* index.html in Resources */,
				41DA842A2A9460B700AD9258 /* favicon.png in Resources */,
			);
			runOnlyForDeploymentPostprocessing = 0;
		};
/* End PBXResourcesBuildPhase section */

/* Begin PBXSourcesBuildPhase section */
		41DA83E32A9460B700AD9258 /* Sources */ = {
			isa = PBXSourcesBuildPhase;
			buildActionMask = 2147483647;
			files = (
				41DA840E2A9460B700AD9258 /* ViewController.swift in Sources */,
				41DA83EA2A9460B700AD9258 /* AppDelegate.swift in Sources */,
			);
			runOnlyForDeploymentPostprocessing = 0;
		};
		41DA83FA2A9460B700AD9258 /* Sources */ = {
			isa = PBXSourcesBuildPhase;
			buildActionMask = 2147483647;
			files = (
				41DA84122A9460B700AD9258 /* SafariWebExtensionHandler.swift in Sources */,
			);
			runOnlyForDeploymentPostprocessing = 0;
		};
/* End PBXSourcesBuildPhase section */

/* Begin PBXTargetDependency section */
		41DA84012A9460B700AD9258 /* PBXTargetDependency */ = {
			isa = PBXTargetDependency;
			target = 41DA83FD2A9460B700AD9258 /* Weather Please Extension (macOS) */;
			targetProxy = 41DA84002A9460B700AD9258 /* PBXContainerItemProxy */;
		};
/* End PBXTargetDependency section */

/* Begin PBXVariantGroup section */
		41DA83C82A9460B500AD9258 /* Main.html */ = {
			isa = PBXVariantGroup;
			children = (
				41DA83C92A9460B500AD9258 /* Base */,
			);
			name = Main.html;
			sourceTree = "<group>";
		};
		41DA83EB2A9460B700AD9258 /* Main.storyboard */ = {
			isa = PBXVariantGroup;
			children = (
				41DA83EC2A9460B700AD9258 /* Base */,
			);
			name = Main.storyboard;
			sourceTree = "<group>";
		};
/* End PBXVariantGroup section */

/* Begin XCBuildConfiguration section */
		41DA84132A9460B700AD9258 /* Debug */ = {
			isa = XCBuildConfiguration;
			buildSettings = {
				ALWAYS_SEARCH_USER_PATHS = NO;
				CLANG_ANALYZER_NONNULL = YES;
				CLANG_ANALYZER_NUMBER_OBJECT_CONVERSION = YES_AGGRESSIVE;
				CLANG_CXX_LANGUAGE_STANDARD = "gnu++20";
				CLANG_ENABLE_MODULES = YES;
				CLANG_ENABLE_OBJC_ARC = YES;
				CLANG_ENABLE_OBJC_WEAK = YES;
				CLANG_WARN_BLOCK_CAPTURE_AUTORELEASING = YES;
				CLANG_WARN_BOOL_CONVERSION = YES;
				CLANG_WARN_COMMA = YES;
				CLANG_WARN_CONSTANT_CONVERSION = YES;
				CLANG_WARN_DEPRECATED_OBJC_IMPLEMENTATIONS = YES;
				CLANG_WARN_DIRECT_OBJC_ISA_USAGE = YES_ERROR;
				CLANG_WARN_DOCUMENTATION_COMMENTS = YES;
				CLANG_WARN_EMPTY_BODY = YES;
				CLANG_WARN_ENUM_CONVERSION = YES;
				CLANG_WARN_INFINITE_RECURSION = YES;
				CLANG_WARN_INT_CONVERSION = YES;
				CLANG_WARN_NON_LITERAL_NULL_CONVERSION = YES;
				CLANG_WARN_OBJC_IMPLICIT_RETAIN_SELF = YES;
				CLANG_WARN_OBJC_LITERAL_CONVERSION = YES;
				CLANG_WARN_OBJC_ROOT_CLASS = YES_ERROR;
				CLANG_WARN_QUOTED_INCLUDE_IN_FRAMEWORK_HEADER = YES;
				CLANG_WARN_RANGE_LOOP_ANALYSIS = YES;
				CLANG_WARN_STRICT_PROTOTYPES = YES;
				CLANG_WARN_SUSPICIOUS_MOVE = YES;
				CLANG_WARN_UNGUARDED_AVAILABILITY = YES_AGGRESSIVE;
				CLANG_WARN_UNREACHABLE_CODE = YES;
				CLANG_WARN__DUPLICATE_METHOD_MATCH = YES;
				COPY_PHASE_STRIP = NO;
				DEAD_CODE_STRIPPING = YES;
				DEBUG_INFORMATION_FORMAT = dwarf;
				ENABLE_STRICT_OBJC_MSGSEND = YES;
				ENABLE_TESTABILITY = YES;
				ENABLE_USER_SCRIPT_SANDBOXING = YES;
				GCC_C_LANGUAGE_STANDARD = gnu11;
				GCC_DYNAMIC_NO_PIC = NO;
				GCC_NO_COMMON_BLOCKS = YES;
				GCC_OPTIMIZATION_LEVEL = 0;
				GCC_PREPROCESSOR_DEFINITIONS = (
					"DEBUG=1",
					"$(inherited)",
				);
				GCC_WARN_64_TO_32_BIT_CONVERSION = YES;
				GCC_WARN_ABOUT_RETURN_TYPE = YES_ERROR;
				GCC_WARN_UNDECLARED_SELECTOR = YES;
				GCC_WARN_UNINITIALIZED_AUTOS = YES_AGGRESSIVE;
				GCC_WARN_UNUSED_FUNCTION = YES;
				GCC_WARN_UNUSED_VARIABLE = YES;
				MTL_ENABLE_DEBUG_INFO = INCLUDE_SOURCE;
				MTL_FAST_MATH = YES;
				ONLY_ACTIVE_ARCH = YES;
				SWIFT_ACTIVE_COMPILATION_CONDITIONS = DEBUG;
				SWIFT_OPTIMIZATION_LEVEL = "-Onone";
			};
			name = Debug;
		};
		41DA84142A9460B700AD9258 /* Release */ = {
			isa = XCBuildConfiguration;
			buildSettings = {
				ALWAYS_SEARCH_USER_PATHS = NO;
				CLANG_ANALYZER_NONNULL = YES;
				CLANG_ANALYZER_NUMBER_OBJECT_CONVERSION = YES_AGGRESSIVE;
				CLANG_CXX_LANGUAGE_STANDARD = "gnu++20";
				CLANG_ENABLE_MODULES = YES;
				CLANG_ENABLE_OBJC_ARC = YES;
				CLANG_ENABLE_OBJC_WEAK = YES;
				CLANG_WARN_BLOCK_CAPTURE_AUTORELEASING = YES;
				CLANG_WARN_BOOL_CONVERSION = YES;
				CLANG_WARN_COMMA = YES;
				CLANG_WARN_CONSTANT_CONVERSION = YES;
				CLANG_WARN_DEPRECATED_OBJC_IMPLEMENTATIONS = YES;
				CLANG_WARN_DIRECT_OBJC_ISA_USAGE = YES_ERROR;
				CLANG_WARN_DOCUMENTATION_COMMENTS = YES;
				CLANG_WARN_EMPTY_BODY = YES;
				CLANG_WARN_ENUM_CONVERSION = YES;
				CLANG_WARN_INFINITE_RECURSION = YES;
				CLANG_WARN_INT_CONVERSION = YES;
				CLANG_WARN_NON_LITERAL_NULL_CONVERSION = YES;
				CLANG_WARN_OBJC_IMPLICIT_RETAIN_SELF = YES;
				CLANG_WARN_OBJC_LITERAL_CONVERSION = YES;
				CLANG_WARN_OBJC_ROOT_CLASS = YES_ERROR;
				CLANG_WARN_QUOTED_INCLUDE_IN_FRAMEWORK_HEADER = YES;
				CLANG_WARN_RANGE_LOOP_ANALYSIS = YES;
				CLANG_WARN_STRICT_PROTOTYPES = YES;
				CLANG_WARN_SUSPICIOUS_MOVE = YES;
				CLANG_WARN_UNGUARDED_AVAILABILITY = YES_AGGRESSIVE;
				CLANG_WARN_UNREACHABLE_CODE = YES;
				CLANG_WARN__DUPLICATE_METHOD_MATCH = YES;
				COPY_PHASE_STRIP = NO;
				DEAD_CODE_STRIPPING = YES;
				DEBUG_INFORMATION_FORMAT = "dwarf-with-dsym";
				ENABLE_NS_ASSERTIONS = NO;
				ENABLE_STRICT_OBJC_MSGSEND = YES;
				ENABLE_USER_SCRIPT_SANDBOXING = YES;
				GCC_C_LANGUAGE_STANDARD = gnu11;
				GCC_NO_COMMON_BLOCKS = YES;
				GCC_WARN_64_TO_32_BIT_CONVERSION = YES;
				GCC_WARN_ABOUT_RETURN_TYPE = YES_ERROR;
				GCC_WARN_UNDECLARED_SELECTOR = YES;
				GCC_WARN_UNINITIALIZED_AUTOS = YES_AGGRESSIVE;
				GCC_WARN_UNUSED_FUNCTION = YES;
				GCC_WARN_UNUSED_VARIABLE = YES;
				MTL_ENABLE_DEBUG_INFO = NO;
				MTL_FAST_MATH = YES;
				SWIFT_COMPILATION_MODE = wholemodule;
				SWIFT_OPTIMIZATION_LEVEL = "-O";
			};
			name = Release;
		};
		41DA841D2A9460B700AD9258 /* Debug */ = {
			isa = XCBuildConfiguration;
			buildSettings = {
				ASSETCATALOG_COMPILER_APPICON_NAME = "AppIcon-2";
				CODE_SIGN_ENTITLEMENTS = "macOS (Extension)/Weather Please.entitlements";
				"CODE_SIGN_IDENTITY[sdk=macosx*]" = "Apple Development";
				CODE_SIGN_STYLE = Automatic;
				CURRENT_PROJECT_VERSION = 2.5.32;
				DEAD_CODE_STRIPPING = YES;
				DEVELOPMENT_TEAM = S58724ZC5Q;
				ENABLE_HARDENED_RUNTIME = YES;
				GENERATE_INFOPLIST_FILE = YES;
				INFOPLIST_FILE = "macOS (Extension)/Info.plist";
				INFOPLIST_KEY_CFBundleDisplayName = "Weather Please Extension";
				INFOPLIST_KEY_NSHumanReadableCopyright = "";
				LD_RUNPATH_SEARCH_PATHS = (
					"$(inherited)",
					"@executable_path/../Frameworks",
					"@executable_path/../../../../Frameworks",
				);
				MACOSX_DEPLOYMENT_TARGET = "$(RECOMMENDED_MACOSX_DEPLOYMENT_TARGET)";
				MARKETING_VERSION = 2.5.32;
				OTHER_LDFLAGS = (
					"-framework",
					SafariServices,
				);
				PRODUCT_BUNDLE_IDENTIFIER = "com.gusGaidelevicius.Weather-Please.Extension";
				PRODUCT_NAME = "Weather Please Extension";
				SDKROOT = macosx;
				SKIP_INSTALL = YES;
				SWIFT_EMIT_LOC_STRINGS = YES;
				SWIFT_VERSION = 5.0;
			};
			name = Debug;
		};
		41DA841E2A9460B700AD9258 /* Release */ = {
			isa = XCBuildConfiguration;
			buildSettings = {
				ASSETCATALOG_COMPILER_APPICON_NAME = "AppIcon-2";
				CODE_SIGN_ENTITLEMENTS = "macOS (Extension)/Weather Please.entitlements";
				"CODE_SIGN_IDENTITY[sdk=macosx*]" = "Apple Development";
				CODE_SIGN_STYLE = Automatic;
				CURRENT_PROJECT_VERSION = 2.5.32;
				DEAD_CODE_STRIPPING = YES;
				DEVELOPMENT_TEAM = S58724ZC5Q;
				ENABLE_HARDENED_RUNTIME = YES;
				GENERATE_INFOPLIST_FILE = YES;
				INFOPLIST_FILE = "macOS (Extension)/Info.plist";
				INFOPLIST_KEY_CFBundleDisplayName = "Weather Please Extension";
				INFOPLIST_KEY_NSHumanReadableCopyright = "";
				LD_RUNPATH_SEARCH_PATHS = (
					"$(inherited)",
					"@executable_path/../Frameworks",
					"@executable_path/../../../../Frameworks",
				);
				MACOSX_DEPLOYMENT_TARGET = "$(RECOMMENDED_MACOSX_DEPLOYMENT_TARGET)";
				MARKETING_VERSION = 2.5.32;
				OTHER_LDFLAGS = (
					"-framework",
					SafariServices,
				);
				PRODUCT_BUNDLE_IDENTIFIER = "com.gusGaidelevicius.Weather-Please.Extension";
				PRODUCT_NAME = "Weather Please Extension";
				SDKROOT = macosx;
				SKIP_INSTALL = YES;
				SWIFT_EMIT_LOC_STRINGS = YES;
				SWIFT_VERSION = 5.0;
			};
			name = Release;
		};
		41DA84212A9460B700AD9258 /* Debug */ = {
			isa = XCBuildConfiguration;
			buildSettings = {
				ALWAYS_EMBED_SWIFT_STANDARD_LIBRARIES = YES;
				ASSETCATALOG_COMPILER_APPICON_NAME = AppIcon;
				ASSETCATALOG_COMPILER_GLOBAL_ACCENT_COLOR_NAME = AccentColor;
				CODE_SIGN_ENTITLEMENTS = "macOS (App)/Weather Please.entitlements";
				CODE_SIGN_STYLE = Automatic;
				CURRENT_PROJECT_VERSION = 2.5.32;
				DEAD_CODE_STRIPPING = YES;
				DEVELOPMENT_TEAM = S58724ZC5Q;
				ENABLE_HARDENED_RUNTIME = YES;
				GENERATE_INFOPLIST_FILE = YES;
				INFOPLIST_FILE = "macOS (App)/Info.plist";
				INFOPLIST_KEY_CFBundleDisplayName = "Weather Please";
				INFOPLIST_KEY_LSApplicationCategoryType = "public.app-category.weather";
				INFOPLIST_KEY_NSMainStoryboardFile = Main;
				INFOPLIST_KEY_NSPrincipalClass = NSApplication;
				LD_RUNPATH_SEARCH_PATHS = (
					"$(inherited)",
					"@executable_path/../Frameworks",
				);
				MACOSX_DEPLOYMENT_TARGET = "$(RECOMMENDED_MACOSX_DEPLOYMENT_TARGET)";
				MARKETING_VERSION = 2.5.32;
				OTHER_LDFLAGS = (
					"-framework",
					SafariServices,
					"-framework",
					WebKit,
				);
				PRODUCT_BUNDLE_IDENTIFIER = "com.gusGaidelevicius.Weather-Please";
				PRODUCT_NAME = "Weather Please";
				SDKROOT = macosx;
				SWIFT_EMIT_LOC_STRINGS = YES;
				SWIFT_VERSION = 5.0;
			};
			name = Debug;
		};
		41DA84222A9460B700AD9258 /* Release */ = {
			isa = XCBuildConfiguration;
			buildSettings = {
				ALWAYS_EMBED_SWIFT_STANDARD_LIBRARIES = YES;
				ASSETCATALOG_COMPILER_APPICON_NAME = AppIcon;
				ASSETCATALOG_COMPILER_GLOBAL_ACCENT_COLOR_NAME = AccentColor;
				CODE_SIGN_ENTITLEMENTS = "macOS (App)/Weather Please.entitlements";
				CODE_SIGN_STYLE = Automatic;
				CURRENT_PROJECT_VERSION = 2.5.32;
				DEAD_CODE_STRIPPING = YES;
				DEVELOPMENT_TEAM = S58724ZC5Q;
				ENABLE_HARDENED_RUNTIME = YES;
				GENERATE_INFOPLIST_FILE = YES;
				INFOPLIST_FILE = "macOS (App)/Info.plist";
				INFOPLIST_KEY_CFBundleDisplayName = "Weather Please";
				INFOPLIST_KEY_LSApplicationCategoryType = "public.app-category.weather";
				INFOPLIST_KEY_NSMainStoryboardFile = Main;
				INFOPLIST_KEY_NSPrincipalClass = NSApplication;
				LD_RUNPATH_SEARCH_PATHS = (
					"$(inherited)",
					"@executable_path/../Frameworks",
				);
				MACOSX_DEPLOYMENT_TARGET = "$(RECOMMENDED_MACOSX_DEPLOYMENT_TARGET)";
				MARKETING_VERSION = 2.5.32;
				OTHER_LDFLAGS = (
					"-framework",
					SafariServices,
					"-framework",
					WebKit,
				);
				PRODUCT_BUNDLE_IDENTIFIER = "com.gusGaidelevicius.Weather-Please";
				PRODUCT_NAME = "Weather Please";
				SDKROOT = macosx;
				SWIFT_EMIT_LOC_STRINGS = YES;
				SWIFT_VERSION = 5.0;
			};
			name = Release;
		};
/* End XCBuildConfiguration section */

/* Begin XCConfigurationList section */
		41DA83C52A9460B500AD9258 /* Build configuration list for PBXProject "Weather Please" */ = {
			isa = XCConfigurationList;
			buildConfigurations = (
				41DA84132A9460B700AD9258 /* Debug */,
				41DA84142A9460B700AD9258 /* Release */,
			);
			defaultConfigurationIsVisible = 0;
			defaultConfigurationName = Release;
		};
		41DA841C2A9460B700AD9258 /* Build configuration list for PBXNativeTarget "Weather Please Extension (macOS)" */ = {
			isa = XCConfigurationList;
			buildConfigurations = (
				41DA841D2A9460B700AD9258 /* Debug */,
				41DA841E2A9460B700AD9258 /* Release */,
			);
			defaultConfigurationIsVisible = 0;
			defaultConfigurationName = Release;
		};
		41DA84202A9460B700AD9258 /* Build configuration list for PBXNativeTarget "Weather Please (macOS)" */ = {
			isa = XCConfigurationList;
			buildConfigurations = (
				41DA84212A9460B700AD9258 /* Debug */,
				41DA84222A9460B700AD9258 /* Release */,
			);
			defaultConfigurationIsVisible = 0;
			defaultConfigurationName = Release;
		};
/* End XCConfigurationList section */
	};
	rootObject = 41DA83C22A9460B500AD9258 /* Project object */;
}
